// !$*UTF8*$!
{
	archiveVersion = 1;
	classes = {
	};
	objectVersion = 46;
	objects = {

/* Begin PBXBuildFile section */
		C3FE36681E027C5000F7B2BE /* AppDelegate.swift in Sources */ = {isa = PBXBuildFile; fileRef = C3FE36671E027C5000F7B2BE /* AppDelegate.swift */; };
		C3FE366A1E027C5000F7B2BE /* ViewController.swift in Sources */ = {isa = PBXBuildFile; fileRef = C3FE36691E027C5000F7B2BE /* ViewController.swift */; };
		C3FE366D1E027C5000F7B2BE /* Main.storyboard in Resources */ = {isa = PBXBuildFile; fileRef = C3FE366B1E027C5000F7B2BE /* Main.storyboard */; };
		C3FE366F1E027C5000F7B2BE /* Assets.xcassets in Resources */ = {isa = PBXBuildFile; fileRef = C3FE366E1E027C5000F7B2BE /* Assets.xcassets */; };
		C3FE36721E027C5000F7B2BE /* LaunchScreen.storyboard in Resources */ = {isa = PBXBuildFile; fileRef = C3FE36701E027C5000F7B2BE /* LaunchScreen.storyboard */; };
/* End PBXBuildFile section */

/* Begin PBXContainerItemProxy section */
		C3FE367D1E027C5600F7B2BE /* PBXContainerItemProxy */ = {
			isa = PBXContainerItemProxy;
			containerPortal = C3FE36791E027C5600F7B2BE /* KUIDragStepperSlider.xcodeproj */;
			proxyType = 2;
			remoteGlobalIDString = C3FE36501E027C4400F7B2BE;
			remoteInfo = KUIDragStepperSlider;
		};
/* End PBXContainerItemProxy section */

/* Begin PBXFileReference section */
		C3FE36641E027C5000F7B2BE /* Example.app */ = {isa = PBXFileReference; explicitFileType = wrapper.application; includeInIndex = 0; path = Example.app; sourceTree = BUILT_PRODUCTS_DIR; };
		C3FE36671E027C5000F7B2BE /* AppDelegate.swift */ = {isa = PBXFileReference; lastKnownFileType = sourcecode.swift; path = AppDelegate.swift; sourceTree = "<group>"; };
		C3FE36691E027C5000F7B2BE /* ViewController.swift */ = {isa = PBXFileReference; lastKnownFileType = sourcecode.swift; path = ViewController.swift; sourceTree = "<group>"; };
		C3FE366C1E027C5000F7B2BE /* Base */ = {isa = PBXFileReference; lastKnownFileType = file.storyboard; name = Base; path = Base.lproj/Main.storyboard; sourceTree = "<group>"; };
		C3FE366E1E027C5000F7B2BE /* Assets.xcassets */ = {isa = PBXFileReference; lastKnownFileType = folder.assetcatalog; path = Assets.xcassets; sourceTree = "<group>"; };
		C3FE36711E027C5000F7B2BE /* Base */ = {isa = PBXFileReference; lastKnownFileType = file.storyboard; name = Base; path = Base.lproj/LaunchScreen.storyboard; sourceTree = "<group>"; };
		C3FE36731E027C5000F7B2BE /* Info.plist */ = {isa = PBXFileReference; lastKnownFileType = text.plist.xml; path = Info.plist; sourceTree = "<group>"; };
		C3FE36791E027C5600F7B2BE /* KUIDragStepperSlider.xcodeproj */ = {isa = PBXFileReference; lastKnownFileType = "wrapper.pb-project"; name = KUIDragStepperSlider.xcodeproj; path = ../KUIDragStepperSlider/KUIDragStepperSlider.xcodeproj; sourceTree = "<group>"; };
/* End PBXFileReference section */

/* Begin PBXFrameworksBuildPhase section */
		C3FE36611E027C5000F7B2BE /* Frameworks */ = {
			isa = PBXFrameworksBuildPhase;
			buildActionMask = 2147483647;
			files = (
			);
			runOnlyForDeploymentPostprocessing = 0;
		};
/* End PBXFrameworksBuildPhase section */

/* Begin PBXGroup section */
		C3FE365B1E027C5000F7B2BE = {
			isa = PBXGroup;
			children = (
				C3FE36791E027C5600F7B2BE /* KUIDragStepperSlider.xcodeproj */,
				C3FE36661E027C5000F7B2BE /* Example */,
				C3FE36651E027C5000F7B2BE /* Products */,
			);
			sourceTree = "<group>";
		};
		C3FE36651E027C5000F7B2BE /* Products */ = {
			isa = PBXGroup;
			children = (
				C3FE36641E027C5000F7B2BE /* Example.app */,
			);
			name = Products;
			sourceTree = "<group>";
		};
		C3FE36661E027C5000F7B2BE /* Example */ = {
			isa = PBXGroup;
			children = (
				C3FE36671E027C5000F7B2BE /* AppDelegate.swift */,
				C3FE36691E027C5000F7B2BE /* ViewController.swift */,
				C3FE366B1E027C5000F7B2BE /* Main.storyboard */,
				C3FE366E1E027C5000F7B2BE /* Assets.xcassets */,
				C3FE36701E027C5000F7B2BE /* LaunchScreen.storyboard */,
				C3FE36731E027C5000F7B2BE /* Info.plist */,
			);
			path = Example;
			sourceTree = "<group>";
		};
		C3FE367A1E027C5600F7B2BE /* Products */ = {
			isa = PBXGroup;
			children = (
				C3FE367E1E027C5600F7B2BE /* KUIDragStepperSlider.framework */,
			);
			name = Products;
			sourceTree = "<group>";
		};
/* End PBXGroup section */

/* Begin PBXNativeTarget section */
		C3FE36631E027C5000F7B2BE /* Example */ = {
			isa = PBXNativeTarget;
			buildConfigurationList = C3FE36761E027C5000F7B2BE /* Build configuration list for PBXNativeTarget "Example" */;
			buildPhases = (
				C3FE36601E027C5000F7B2BE /* Sources */,
				C3FE36611E027C5000F7B2BE /* Frameworks */,
				C3FE36621E027C5000F7B2BE /* Resources */,
			);
			buildRules = (
			);
			dependencies = (
			);
			name = Example;
			productName = Example;
			productReference = C3FE36641E027C5000F7B2BE /* Example.app */;
			productType = "com.apple.product-type.application";
		};
/* End PBXNativeTarget section */

/* Begin PBXProject section */
		C3FE365C1E027C5000F7B2BE /* Project object */ = {
			isa = PBXProject;
			attributes = {
				LastSwiftUpdateCheck = 0810;
				LastUpgradeCheck = 0810;
				ORGANIZATIONNAME = Kofktu;
				TargetAttributes = {
					C3FE36631E027C5000F7B2BE = {
						CreatedOnToolsVersion = 8.1;
						ProvisioningStyle = Automatic;
					};
				};
			};
			buildConfigurationList = C3FE365F1E027C5000F7B2BE /* Build configuration list for PBXProject "Example" */;
			compatibilityVersion = "Xcode 3.2";
			developmentRegion = English;
			hasScannedForEncodings = 0;
			knownRegions = (
				en,
				Base,
			);
			mainGroup = C3FE365B1E027C5000F7B2BE;
			productRefGroup = C3FE36651E027C5000F7B2BE /* Products */;
			projectDirPath = "";
			projectReferences = (
				{
					ProductGroup = C3FE367A1E027C5600F7B2BE /* Products */;
					ProjectRef = C3FE36791E027C5600F7B2BE /* KUIDragStepperSlider.xcodeproj */;
				},
			);
			projectRoot = "";
			targets = (
				C3FE36631E027C5000F7B2BE /* Example */,
			);
		};
/* End PBXProject section */

/* Begin PBXReferenceProxy section */
		C3FE367E1E027C5600F7B2BE /* KUIDragStepperSlider.framework */ = {
			isa = PBXReferenceProxy;
			fileType = wrapper.framework;
			path = KUIDragStepperSlider.framework;
			remoteRef = C3FE367D1E027C5600F7B2BE /* PBXContainerItemProxy */;
			sourceTree = BUILT_PRODUCTS_DIR;
		};
/* End PBXReferenceProxy section */

/* Begin PBXResourcesBuildPhase section */
		C3FE36621E027C5000F7B2BE /* Resources */ = {
			isa = PBXResourcesBuildPhase;
			buildActionMask = 2147483647;
			files = (
				C3FE36721E027C5000F7B2BE /* LaunchScreen.storyboard in Resources */,
				C3FE366F1E027C5000F7B2BE /* Assets.xcassets in Resources */,
				C3FE366D1E027C5000F7B2BE /* Main.storyboard in Resources */,
			);
			runOnlyForDeploymentPostprocessing = 0;
		};
/* End PBXResourcesBuildPhase section */

/* Begin PBXSourcesBuildPhase section */
		C3FE36601E027C5000F7B2BE /* Sources */ = {
			isa = PBXSourcesBuildPhase;
			buildActionMask = 2147483647;
			files = (
				C3FE366A1E027C5000F7B2BE /* ViewController.swift in Sources */,
				C3FE36681E027C5000F7B2BE /* AppDelegate.swift in Sources */,
			);
			runOnlyForDeploymentPostprocessing = 0;
		};
/* End PBXSourcesBuildPhase section */

/* Begin PBXVariantGroup section */
		C3FE366B1E027C5000F7B2BE /* Main.storyboard */ = {
			isa = PBXVariantGroup;
			children = (
				C3FE366C1E027C5000F7B2BE /* Base */,
			);
			name = Main.storyboard;
			sourceTree = "<group>";
		};
		C3FE36701E027C5000F7B2BE /* LaunchScreen.storyboard */ = {
			isa = PBXVariantGroup;
			children = (
				C3FE36711E027C5000F7B2BE /* Base */,
			);
			name = LaunchScreen.storyboard;
			sourceTree = "<group>";
		};
/* End PBXVariantGroup section */

/* Begin XCBuildConfiguration section */
		C3FE36741E027C5000F7B2BE /* Debug */ = {
			isa = XCBuildConfiguration;
			buildSettings = {
				ALWAYS_SEARCH_USER_PATHS = NO;
				CLANG_ANALYZER_NONNULL = YES;
				CLANG_CXX_LANGUAGE_STANDARD = "gnu++0x";
				CLANG_CXX_LIBRARY = "libc++";
				CLANG_ENABLE_MODULES = YES;
				CLANG_ENABLE_OBJC_ARC = YES;
				CLANG_WARN_BOOL_CONVERSION = YES;
				CLANG_WARN_CONSTANT_CONVERSION = YES;
				CLANG_WARN_DIRECT_OBJC_ISA_USAGE = YES_ERROR;
				CLANG_WARN_DOCUMENTATION_COMMENTS = YES;
				CLANG_WARN_EMPTY_BODY = YES;
				CLANG_WARN_ENUM_CONVERSION = YES;
				CLANG_WARN_INFINITE_RECURSION = YES;
				CLANG_WARN_INT_CONVERSION = YES;
				CLANG_WARN_OBJC_ROOT_CLASS = YES_ERROR;
				CLANG_WARN_SUSPICIOUS_MOVES = YES;
				CLANG_WARN_UNREACHABLE_CODE = YES;
				CLANG_WARN__DUPLICATE_METHOD_MATCH = YES;
				"CODE_SIGN_IDENTITY[sdk=iphoneos*]" = "iPhone Developer";
				COPY_PHASE_STRIP = NO;
				DEBUG_INFORMATION_FORMAT = dwarf;
				ENABLE_STRICT_OBJC_MSGSEND = YES;
				ENABLE_TESTABILITY = YES;
				GCC_C_LANGUAGE_STANDARD = gnu99;
				GCC_DYNAMIC_NO_PIC = NO;
				GCC_NO_COMMON_BLOCKS = YES;
				GCC_OPTIMIZATION_LEVEL = 0;
				GCC_PREPROCESSOR_DEFINITIONS = (
					"DEBUG=1",
					"$(inherited)",
				);
				GCC_WARN_64_TO_32_BIT_CONVERSION = YES;
				GCC_WARN_ABOUT_RETURN_TYPE = YES_ERROR;
				GCC_WARN_UNDECLARED_SELECTOR = YES;
				GCC_WARN_UNINITIALIZED_AUTOS = YES_AGGRESSIVE;
				GCC_WARN_UNUSED_FUNCTION = YES;
				GCC_WARN_UNUSED_VARIABLE = YES;
				IPHONEOS_DEPLOYMENT_TARGET = 10.1;
				MTL_ENABLE_DEBUG_INFO = YES;
				ONLY_ACTIVE_ARCH = YES;
				SDKROOT = iphoneos;
				SWIFT_ACTIVE_COMPILATION_CONDITIONS = DEBUG;
				SWIFT_OPTIMIZATION_LEVEL = "-Onone";
			};
			name = Debug;
		};
		C3FE36751E027C5000F7B2BE /* Release */ = {
			isa = XCBuildConfiguration;
			buildSettings = {
				ALWAYS_SEARCH_USER_PATHS = NO;
				CLANG_ANALYZER_NONNULL = YES;
				CLANG_CXX_LANGUAGE_STANDARD = "gnu++0x";
				CLANG_CXX_LIBRARY = "libc++";
				CLANG_ENABLE_MODULES = YES;
				CLANG_ENABLE_OBJC_ARC = YES;
				CLANG_WARN_BOOL_CONVERSION = YES;
				CLANG_WARN_CONSTANT_CONVERSION = YES;
				CLANG_WARN_DIRECT_OBJC_ISA_USAGE = YES_ERROR;
				CLANG_WARN_DOCUMENTATION_COMMENTS = YES;
				CLANG_WARN_EMPTY_BODY = YES;
				CLANG_WARN_ENUM_CONVERSION = YES;
				CLANG_WARN_INFINITE_RECURSION = YES;
				CLANG_WARN_INT_CONVERSION = YES;
				CLANG_WARN_OBJC_ROOT_CLASS = YES_ERROR;
				CLANG_WARN_SUSPICIOUS_MOVES = YES;
				CLANG_WARN_UNREACHABLE_CODE = YES;
				CLANG_WARN__DUPLICATE_METHOD_MATCH = YES;
				"CODE_SIGN_IDENTITY[sdk=iphoneos*]" = "iPhone Developer";
				COPY_PHASE_STRIP = NO;
				DEBUG_INFORMATION_FORMAT = "dwarf-with-dsym";
				ENABLE_NS_ASSERTIONS = NO;
				ENABLE_STRICT_OBJC_MSGSEND = YES;
				GCC_C_LANGUAGE_STANDARD = gnu99;
				GCC_NO_COMMON_BLOCKS = YES;
				GCC_WARN_64_TO_32_BIT_CONVERSION = YES;
				GCC_WARN_ABOUT_RETURN_TYPE = YES_ERROR;
				GCC_WARN_UNDECLARED_SELECTOR = YES;
				GCC_WARN_UNINITIALIZED_AUTOS = YES_AGGRESSIVE;
				GCC_WARN_UNUSED_FUNCTION = YES;
				GCC_WARN_UNUSED_VARIABLE = YES;
				IPHONEOS_DEPLOYMENT_TARGET = 10.1;
				MTL_ENABLE_DEBUG_INFO = NO;
				SDKROOT = iphoneos;
				SWIFT_OPTIMIZATION_LEVEL = "-Owholemodule";
				VALIDATE_PRODUCT = YES;
			};
			name = Release;
		};
		C3FE36771E027C5000F7B2BE /* Debug */ = {
			isa = XCBuildConfiguration;
			buildSettings = {
				ASSETCATALOG_COMPILER_APPICON_NAME = AppIcon;
				INFOPLIST_FILE = Example/Info.plist;
				LD_RUNPATH_SEARCH_PATHS = "$(inherited) @executable_path/Frameworks";
				PRODUCT_BUNDLE_IDENTIFIER = com.kofktu.Example;
				PRODUCT_NAME = "$(TARGET_NAME)";
				SWIFT_VERSION = 3.0;
			};
			name = Debug;
		};
		C3FE36781E027C5000F7B2BE /* Release */ = {
			isa = XCBuildConfiguration;
			buildSettings = {
				ASSETCATALOG_COMPILER_APPICON_NAME = AppIcon;
				INFOPLIST_FILE = Example/Info.plist;
				LD_RUNPATH_SEARCH_PATHS = "$(inherited) @executable_path/Frameworks";
				PRODUCT_BUNDLE_IDENTIFIER = com.kofktu.Example;
				PRODUCT_NAME = "$(TARGET_NAME)";
				SWIFT_VERSION = 3.0;
			};
			name = Release;
		};
/* End XCBuildConfiguration section */

/* Begin XCConfigurationList section */
		C3FE365F1E027C5000F7B2BE /* Build configuration list for PBXProject "Example" */ = {
			isa = XCConfigurationList;
			buildConfigurations = (
				C3FE36741E027C5000F7B2BE /* Debug */,
				C3FE36751E027C5000F7B2BE /* Release */,
			);
			defaultConfigurationIsVisible = 0;
			defaultConfigurationName = Release;
		};
		C3FE36761E027C5000F7B2BE /* Build configuration list for PBXNativeTarget "Example" */ = {
			isa = XCConfigurationList;
			buildConfigurations = (
				C3FE36771E027C5000F7B2BE /* Debug */,
				C3FE36781E027C5000F7B2BE /* Release */,
			);
			defaultConfigurationIsVisible = 0;
		};
/* End XCConfigurationList section */
	};
	rootObject = C3FE365C1E027C5000F7B2BE /* Project object */;
}
